
Microsoft Visual Studio Solution File, Format Version 12.00
# Visual Studio Version 17
VisualStudioVersion = 17.11.35327.3
MinimumVisualStudioVersion = 10.0.40219.1
Project("{2150E333-8FDC-42A3-9474-1A3956D46DE8}") = "src", "src", "{2896BFD3-1F7B-4E83-A739-22D94FFADDB7}"
EndProject
Project("{2150E333-8FDC-42A3-9474-1A3956D46DE8}") = "tests", "tests", "{CB76C1ED-5745-4B6C-A7EC-E6487B752294}"
EndProject
Project("{FAE04EC0-301F-11D3-BF4B-00C04F79EFBC}") = "Day1", "src\Day1\Day1.csproj", "{F28DBD3D-32CC-423D-A88D-80AD2D6281C3}"
EndProject
Project("{FAE04EC0-301F-11D3-BF4B-00C04F79EFBC}") = "Shared", "src\Shared\Shared.csproj", "{58B13976-40FC-4160-83E9-C33DE6BB77E4}"
EndProject
Global
	GlobalSection(SolutionConfigurationPlatforms) = preSolution
		Debug|Any CPU = Debug|Any CPU
		Release|Any CPU = Release|Any CPU
	EndGlobalSection
	GlobalSection(ProjectConfigurationPlatforms) = postSolution
		{F28DBD3D-32CC-423D-A88D-80AD2D6281C3}.Debug|Any CPU.ActiveCfg = Debug|Any CPU
		{F28DBD3D-32CC-423D-A88D-80AD2D6281C3}.Debug|Any CPU.Build.0 = Debug|Any CPU
		{F28DBD3D-32CC-423D-A88D-80AD2D6281C3}.Release|Any CPU.ActiveCfg = Release|Any CPU
		{F28DBD3D-32CC-423D-A88D-80AD2D6281C3}.Release|Any CPU.Build.0 = Release|Any CPU
		{58B13976-40FC-4160-83E9-C33DE6BB77E4}.Debug|Any CPU.ActiveCfg = Debug|Any CPU
		{58B13976-40FC-4160-83E9-C33DE6BB77E4}.Debug|Any CPU.Build.0 = Debug|Any CPU
		{58B13976-40FC-4160-83E9-C33DE6BB77E4}.Release|Any CPU.ActiveCfg = Release|Any CPU
		{58B13976-40FC-4160-83E9-C33DE6BB77E4}.Release|Any CPU.Build.0 = Release|Any CPU
	EndGlobalSection
	GlobalSection(SolutionProperties) = preSolution
		HideSolutionNode = FALSE
	EndGlobalSection
	GlobalSection(NestedProjects) = preSolution
		{F28DBD3D-32CC-423D-A88D-80AD2D6281C3} = {2896BFD3-1F7B-4E83-A739-22D94FFADDB7}
		{58B13976-40FC-4160-83E9-C33DE6BB77E4} = {2896BFD3-1F7B-4E83-A739-22D94FFADDB7}
	EndGlobalSection
	GlobalSection(ExtensibilityGlobals) = postSolution
		SolutionGuid = {1E001F6D-482D-4BE1-99D8-6C5FBB60D4AA}
	EndGlobalSection
EndGlobal
